
Microsoft Visual Studio Solution File, Format Version 12.00
# Visual Studio Version 17
VisualStudioVersion = 17.0.31903.59
MinimumVisualStudioVersion = 10.0.40219.1
Project("{2150E333-8FDC-42A3-9474-1A3956D46DE8}") = "src", "src", "{83CF34D1-DE79-49BE-AF82-B9FF851C4601}"
EndProject
Project("{2150E333-8FDC-42A3-9474-1A3956D46DE8}") = "core", "core", "{333827A6-807B-48A9-8DC1-FDB2BA510172}"
EndProject
Project("{FAE04EC0-301F-11D3-BF4B-00C04F79EFBC}") = "UrlShortener.Domain", "UrlShortener.Domain\UrlShortener.Domain.csproj", "{4F0C7B4F-209D-4905-895F-F184A8111791}"
EndProject
Project("{FAE04EC0-301F-11D3-BF4B-00C04F79EFBC}") = "UrlShortener.Application", "UrlShortener.Application\UrlShortener.Application.csproj", "{F0B51627-7D48-49DD-8307-EC0F949561F7}"
EndProject
Project("{2150E333-8FDC-42A3-9474-1A3956D46DE8}") = "external", "external", "{2409E5B6-A1D0-48F0-8A91-AE91DBAB47D7}"
EndProject
Project("{FAE04EC0-301F-11D3-BF4B-00C04F79EFBC}") = "UrlShortener.Infra", "UrlShortener.Infra\UrlShortener.Infra.csproj", "{792E16EF-2A39-4879-8DE2-9B85811E7FC4}"
EndProject
Project("{FAE04EC0-301F-11D3-BF4B-00C04F79EFBC}") = "UrlShortener.Api", "UrlShortener.Api\UrlShortener.Api.csproj", "{7C6998FD-6DC6-4B7D-B2F0-96CB77CC97E2}"
EndProject
Project("{2150E333-8FDC-42A3-9474-1A3956D46DE8}") = "tests", "tests", "{9B2E356F-BE49-42CA-9B96-E86E2FC2B53B}"
EndProject
Project("{FAE04EC0-301F-11D3-BF4B-00C04F79EFBC}") = "UrlShortener.Tests", "UrlShortener.Tests\UrlShortener.Tests.csproj", "{17FC0DCF-E6FC-4676-AD87-00C1EB98F060}"
EndProject
Global
	GlobalSection(SolutionConfigurationPlatforms) = preSolution
		Debug|Any CPU = Debug|Any CPU
		Release|Any CPU = Release|Any CPU
	EndGlobalSection
	GlobalSection(SolutionProperties) = preSolution
		HideSolutionNode = FALSE
	EndGlobalSection
	GlobalSection(ProjectConfigurationPlatforms) = postSolution
		{4F0C7B4F-209D-4905-895F-F184A8111791}.Debug|Any CPU.ActiveCfg = Debug|Any CPU
		{4F0C7B4F-209D-4905-895F-F184A8111791}.Debug|Any CPU.Build.0 = Debug|Any CPU
		{4F0C7B4F-209D-4905-895F-F184A8111791}.Release|Any CPU.ActiveCfg = Release|Any CPU
		{4F0C7B4F-209D-4905-895F-F184A8111791}.Release|Any CPU.Build.0 = Release|Any CPU
		{F0B51627-7D48-49DD-8307-EC0F949561F7}.Debug|Any CPU.ActiveCfg = Debug|Any CPU
		{F0B51627-7D48-49DD-8307-EC0F949561F7}.Debug|Any CPU.Build.0 = Debug|Any CPU
		{F0B51627-7D48-49DD-8307-EC0F949561F7}.Release|Any CPU.ActiveCfg = Release|Any CPU
		{F0B51627-7D48-49DD-8307-EC0F949561F7}.Release|Any CPU.Build.0 = Release|Any CPU
		{792E16EF-2A39-4879-8DE2-9B85811E7FC4}.Debug|Any CPU.ActiveCfg = Debug|Any CPU
		{792E16EF-2A39-4879-8DE2-9B85811E7FC4}.Debug|Any CPU.Build.0 = Debug|Any CPU
		{792E16EF-2A39-4879-8DE2-9B85811E7FC4}.Release|Any CPU.ActiveCfg = Release|Any CPU
		{792E16EF-2A39-4879-8DE2-9B85811E7FC4}.Release|Any CPU.Build.0 = Release|Any CPU
		{7C6998FD-6DC6-4B7D-B2F0-96CB77CC97E2}.Debug|Any CPU.ActiveCfg = Debug|Any CPU
		{7C6998FD-6DC6-4B7D-B2F0-96CB77CC97E2}.Debug|Any CPU.Build.0 = Debug|Any CPU
		{7C6998FD-6DC6-4B7D-B2F0-96CB77CC97E2}.Release|Any CPU.ActiveCfg = Release|Any CPU
		{7C6998FD-6DC6-4B7D-B2F0-96CB77CC97E2}.Release|Any CPU.Build.0 = Release|Any CPU
		{17FC0DCF-E6FC-4676-AD87-00C1EB98F060}.Debug|Any CPU.ActiveCfg = Debug|Any CPU
		{17FC0DCF-E6FC-4676-AD87-00C1EB98F060}.Debug|Any CPU.Build.0 = Debug|Any CPU
		{17FC0DCF-E6FC-4676-AD87-00C1EB98F060}.Release|Any CPU.ActiveCfg = Release|Any CPU
		{17FC0DCF-E6FC-4676-AD87-00C1EB98F060}.Release|Any CPU.Build.0 = Release|Any CPU
	EndGlobalSection
	GlobalSection(NestedProjects) = preSolution
		{333827A6-807B-48A9-8DC1-FDB2BA510172} = {83CF34D1-DE79-49BE-AF82-B9FF851C4601}
		{4F0C7B4F-209D-4905-895F-F184A8111791} = {333827A6-807B-48A9-8DC1-FDB2BA510172}
		{F0B51627-7D48-49DD-8307-EC0F949561F7} = {333827A6-807B-48A9-8DC1-FDB2BA510172}
		{2409E5B6-A1D0-48F0-8A91-AE91DBAB47D7} = {83CF34D1-DE79-49BE-AF82-B9FF851C4601}
		{792E16EF-2A39-4879-8DE2-9B85811E7FC4} = {2409E5B6-A1D0-48F0-8A91-AE91DBAB47D7}
		{7C6998FD-6DC6-4B7D-B2F0-96CB77CC97E2} = {2409E5B6-A1D0-48F0-8A91-AE91DBAB47D7}
		{17FC0DCF-E6FC-4676-AD87-00C1EB98F060} = {9B2E356F-BE49-42CA-9B96-E86E2FC2B53B}
	EndGlobalSection
EndGlobal
